
Microsoft Visual Studio Solution File, Format Version 12.00
# Visual Studio Version 16
VisualStudioVersion = 16.0.32228.343
MinimumVisualStudioVersion = 10.0.40219.1
Project("{FAE04EC0-301F-11D3-BF4B-00C04F79EFBC}") = "cobamenu", "cobamenu\cobamenu.csproj", "{54B5A1D4-1655-4950-8557-CC9A42954C5E}"
EndProject
Global
	GlobalSection(SolutionConfigurationPlatforms) = preSolution
		Debug|Any CPU = Debug|Any CPU
		Release|Any CPU = Release|Any CPU
	EndGlobalSection
	GlobalSection(ProjectConfigurationPlatforms) = postSolution
		{54B5A1D4-1655-4950-8557-CC9A42954C5E}.Debug|Any CPU.ActiveCfg = Debug|Any CPU
		{54B5A1D4-1655-4950-8557-CC9A42954C5E}.Debug|Any CPU.Build.0 = Debug|Any CPU
		{54B5A1D4-1655-4950-8557-CC9A42954C5E}.Release|Any CPU.ActiveCfg = Release|Any CPU
		{54B5A1D4-1655-4950-8557-CC9A42954C5E}.Release|Any CPU.Build.0 = Release|Any CPU
	EndGlobalSection
	GlobalSection(SolutionProperties) = preSolution
		HideSolutionNode = FALSE
	EndGlobalSection
	GlobalSection(ExtensibilityGlobals) = postSolution
		SolutionGuid = {CF3201C7-B26F-4F88-B9D0-93BA24932392}
	EndGlobalSection
EndGlobal
